Microsoft Visual Studio Solution File, Format Version 12.00
# Visual Studio Version 17
VisualStudioVersion = 17.5.2.0
MinimumVisualStudioVersion = 10.0.40219.1
Project("{FAE04EC0-301F-11D3-BF4B-00C04F79EFBC}") = "LavandariaGaivotaAPI", "LavandariaGaivotaAPI.csproj", "{E32C81A6-4BD4-BC9B-D9C2-2C5B5CA6B1FA}"
EndProject
Global
	GlobalSection(SolutionConfigurationPlatforms) = preSolution
		Debug|Any CPU = Debug|Any CPU
		Release|Any CPU = Release|Any CPU
	EndGlobalSection
	GlobalSection(ProjectConfigurationPlatforms) = postSolution
		{E32C81A6-4BD4-BC9B-D9C2-2C5B5CA6B1FA}.Debug|Any CPU.ActiveCfg = Debug|Any CPU
		{E32C81A6-4BD4-BC9B-D9C2-2C5B5CA6B1FA}.Debug|Any CPU.Build.0 = Debug|Any CPU
		{E32C81A6-4BD4-BC9B-D9C2-2C5B5CA6B1FA}.Release|Any CPU.ActiveCfg = Release|Any CPU
		{E32C81A6-4BD4-BC9B-D9C2-2C5B5CA6B1FA}.Release|Any CPU.Build.0 = Release|Any CPU
	EndGlobalSection
	GlobalSection(SolutionProperties) = preSolution
		HideSolutionNode = FALSE
	EndGlobalSection
	GlobalSection(ExtensibilityGlobals) = postSolution
		SolutionGuid = {AF6287E8-9C92-43E2-B892-9401059D91C9}
	EndGlobalSection
EndGlobal
